// !$*UTF8*$!
{
	archiveVersion = 1;
	classes = {
	};
	objectVersion = 48;
	objects = {

/* Begin PBXBuildFile section */
		073E166920480209007B1BAF /* PlatformBridge.cpp in Sources */ = {isa = PBXBuildFile; fileRef = 073E166820480208007B1BAF /* PlatformBridge.cpp */; };
		073E166A20481606007B1BAF /* glcontext.h in Headers */ = {isa = PBXBuildFile; fileRef = 073E1664204801AA007B1BAF /* glcontext.h */; settings = {ATTRIBUTES = (Public, ); }; };
		073E16FF20512F24007B1BAF /* LKParticleEffectObjectTemplate.cpp in Sources */ = {isa = PBXBuildFile; fileRef = 073E16FD20512F24007B1BAF /* LKParticleEffectObjectTemplate.cpp */; };
		073E170020512F24007B1BAF /* LKParticleEffectObjectTemplate.h in Headers */ = {isa = PBXBuildFile; fileRef = 073E16FE20512F24007B1BAF /* LKParticleEffectObjectTemplate.h */; settings = {ATTRIBUTES = (Public, ); }; };
		073E170320513227007B1BAF /* LKParticleEffectProperty.cpp in Sources */ = {isa = PBXBuildFile; fileRef = 073E170120513227007B1BAF /* LKParticleEffectProperty.cpp */; };
		073E170420513227007B1BAF /* LKParticleEffectProperty.h in Headers */ = {isa = PBXBuildFile; fileRef = 073E170220513227007B1BAF /* LKParticleEffectProperty.h */; settings = {ATTRIBUTES = (Public, ); }; };
		073E170720513536007B1BAF /* LKParticleEffectStage.h in Headers */ = {isa = PBXBuildFile; fileRef = 073E170520513536007B1BAF /* LKParticleEffectStage.h */; settings = {ATTRIBUTES = (Public, ); }; };
		073E170820513536007B1BAF /* LKParticleEffectStage.cpp in Sources */ = {isa = PBXBuildFile; fileRef = 073E170620513536007B1BAF /* LKParticleEffectStage.cpp */; };
		0747F41B20562DA700525610 /* Printable.h in Headers */ = {isa = PBXBuildFile; fileRef = 0747F41A20562DA700525610 /* Printable.h */; settings = {ATTRIBUTES = (Public, ); }; };
		0747F4282056A40600525610 /* LKParticleEffectStageOperation.cpp in Sources */ = {isa = PBXBuildFile; fileRef = 0747F4262056A40600525610 /* LKParticleEffectStageOperation.cpp */; };
		0747F4292056A40600525610 /* LKParticleEffectStageOperation.h in Headers */ = {isa = PBXBuildFile; fileRef = 0747F4272056A40600525610 /* LKParticleEffectStageOperation.h */; settings = {ATTRIBUTES = (Public, ); }; };
		0747F6C42057814F00525610 /* GLKit.framework in Frameworks */ = {isa = PBXBuildFile; fileRef = 0747F6C32057814F00525610 /* GLKit.framework */; };
		07AABA202068DFD40010B436 /* LKParticleEffectSystemManager.h in Headers */ = {isa = PBXBuildFile; fileRef = 07AABA1E2068DFD40010B436 /* LKParticleEffectSystemManager.h */; settings = {ATTRIBUTES = (Public, ); }; };
		07AABA212068DFD40010B436 /* LKParticleEffectSystemManager.mm in Sources */ = {isa = PBXBuildFile; fileRef = 07AABA1F2068DFD40010B436 /* LKParticleEffectSystemManager.mm */; };
		07AABA4520691D4C0010B436 /* LKParticleEffectStageEvent.cpp in Sources */ = {isa = PBXBuildFile; fileRef = 07AABA4320691D4C0010B436 /* LKParticleEffectStageEvent.cpp */; };
		07AABA4620691D4C0010B436 /* LKParticleEffectStageEvent.h in Headers */ = {isa = PBXBuildFile; fileRef = 07AABA4420691D4C0010B436 /* LKParticleEffectStageEvent.h */; };
		07E0F5B720415DDF00D97980 /* LKParticleEffectIOSBridge.h in Headers */ = {isa = PBXBuildFile; fileRef = 07E0F5B520415DDF00D97980 /* LKParticleEffectIOSBridge.h */; settings = {ATTRIBUTES = (Public, ); }; };
		07E0F5B820415DDF00D97980 /* LKParticleEffectIOSBridge.mm in Sources */ = {isa = PBXBuildFile; fileRef = 07E0F5B620415DDF00D97980 /* LKParticleEffectIOSBridge.mm */; };
		07E0F5BF20416D7800D97980 /* LKParticleEffectTexture.cpp in Sources */ = {isa = PBXBuildFile; fileRef = 07E0F5BD20416D7800D97980 /* LKParticleEffectTexture.cpp */; };
		07E0F5C020416D7900D97980 /* LKParticleEffectTexture.h in Headers */ = {isa = PBXBuildFile; fileRef = 07E0F5BE20416D7800D97980 /* LKParticleEffectTexture.h */; settings = {ATTRIBUTES = (Public, ); }; };
		07E0F5D72043AE4800D97980 /* UIKit.framework in Frameworks */ = {isa = PBXBuildFile; fileRef = 07E0F5D62043AE4700D97980 /* UIKit.framework */; };
		07E0F5D92043AE4F00D97980 /* Foundation.framework in Frameworks */ = {isa = PBXBuildFile; fileRef = 07E0F5D82043AE4F00D97980 /* Foundation.framework */; };
		07E0F5DB2043AE5600D97980 /* CoreFoundation.framework in Frameworks */ = {isa = PBXBuildFile; fileRef = 07E0F5DA2043AE5600D97980 /* CoreFoundation.framework */; };
		07E0F5DD2043AE8100D97980 /* CoreImage.framework in Frameworks */ = {isa = PBXBuildFile; fileRef = 07E0F5DC2043AE8100D97980 /* CoreImage.framework */; };
		07E0F5E12043AEA800D97980 /* CoreGraphics.framework in Frameworks */ = {isa = PBXBuildFile; fileRef = 07E0F5E02043AEA800D97980 /* CoreGraphics.framework */; };
		07E0F5E42043F86800D97980 /* LKParticleEffectCamera.cpp in Sources */ = {isa = PBXBuildFile; fileRef = 07E0F5E22043F86800D97980 /* LKParticleEffectCamera.cpp */; };
		07E0F5E52043F86800D97980 /* LKParticleEffectCamera.h in Headers */ = {isa = PBXBuildFile; fileRef = 07E0F5E32043F86800D97980 /* LKParticleEffectCamera.h */; settings = {ATTRIBUTES = (Public, ); }; };
		7855E728203291E00035D240 /* LKParticleEffect.h in Headers */ = {isa = PBXBuildFile; fileRef = 7855E726203291E00035D240 /* LKParticleEffect.h */; settings = {ATTRIBUTES = (Public, ); }; };
		7855E736203292030035D240 /* LKParticleEffectSystem.h in Headers */ = {isa = PBXBuildFile; fileRef = 7855E734203292030035D240 /* LKParticleEffectSystem.h */; settings = {ATTRIBUTES = (Public, ); }; };
		7855E737203292030035D240 /* LKParticleEffectSystem.cpp in Sources */ = {isa = PBXBuildFile; fileRef = 7855E735203292030035D240 /* LKParticleEffectSystem.cpp */; };
		7855E73E203292C90035D240 /* LKParticleEffectObject.h in Headers */ = {isa = PBXBuildFile; fileRef = 7855E73C203292C90035D240 /* LKParticleEffectObject.h */; settings = {ATTRIBUTES = (Public, ); }; };
		7855E73F203292C90035D240 /* LKParticleEffectObject.cpp in Sources */ = {isa = PBXBuildFile; fileRef = 7855E73D203292C90035D240 /* LKParticleEffectObject.cpp */; };
		78809F0D2033100700982F23 /* LKParticleEffectUtil.h in Headers */ = {isa = PBXBuildFile; fileRef = 78809F0B2033100700982F23 /* LKParticleEffectUtil.h */; settings = {ATTRIBUTES = (Public, ); }; };
		78809F0E2033100700982F23 /* LKParticleEffectUtil.cpp in Sources */ = {isa = PBXBuildFile; fileRef = 78809F0C2033100700982F23 /* LKParticleEffectUtil.cpp */; };
		78809F3B2033DCC200982F23 /* mathexpr.h in Headers */ = {isa = PBXBuildFile; fileRef = 78809F372033DCC200982F23 /* mathexpr.h */; settings = {ATTRIBUTES = (Public, ); }; };
		78809F3C2033DCC200982F23 /* LKParticleEffectValue.h in Headers */ = {isa = PBXBuildFile; fileRef = 78809F382033DCC200982F23 /* LKParticleEffectValue.h */; settings = {ATTRIBUTES = (Public, ); }; };
		78809F3D2033DCC200982F23 /* LKParticleEffectValue.cpp in Sources */ = {isa = PBXBuildFile; fileRef = 78809F392033DCC200982F23 /* LKParticleEffectValue.cpp */; };
		78809F3E2033DCC200982F23 /* mathexpr.cpp in Sources */ = {isa = PBXBuildFile; fileRef = 78809F3A2033DCC200982F23 /* mathexpr.cpp */; };
		78FE1D0D203EFE5E00D9C7FD /* LKParticleEffectShader.cpp in Sources */ = {isa = PBXBuildFile; fileRef = 78FE1D0B203EFE5E00D9C7FD /* LKParticleEffectShader.cpp */; };
		78FE1D11203F08BF00D9C7FD /* LKParticleEffectLogger.cpp in Sources */ = {isa = PBXBuildFile; fileRef = 78FE1D0F203F08BF00D9C7FD /* LKParticleEffectLogger.cpp */; };
		78FE1D12203F08BF00D9C7FD /* LKParticleEffectLogger.h in Headers */ = {isa = PBXBuildFile; fileRef = 78FE1D10203F08BF00D9C7FD /* LKParticleEffectLogger.h */; settings = {ATTRIBUTES = (Public, ); }; };
		78FE1D15203F112C00D9C7FD /* OpenGLES.framework in Frameworks */ = {isa = PBXBuildFile; fileRef = 78FE1D14203F112C00D9C7FD /* OpenGLES.framework */; };
/* End PBXBuildFile section */

/* Begin PBXFileReference section */
		073E1664204801AA007B1BAF /* glcontext.h */ = {isa = PBXFileReference; fileEncoding = 4; lastKnownFileType = sourcecode.c.h; path = glcontext.h; sourceTree = "<group>"; };
		073E1666204801C9007B1BAF /* PlatformBridge.h */ = {isa = PBXFileReference; fileEncoding = 4; lastKnownFileType = sourcecode.c.h; path = PlatformBridge.h; sourceTree = "<group>"; };
		073E166820480208007B1BAF /* PlatformBridge.cpp */ = {isa = PBXFileReference; fileEncoding = 4; lastKnownFileType = sourcecode.cpp.cpp; path = PlatformBridge.cpp; sourceTree = "<group>"; };
		073E16FD20512F24007B1BAF /* LKParticleEffectObjectTemplate.cpp */ = {isa = PBXFileReference; lastKnownFileType = sourcecode.cpp.cpp; path = LKParticleEffectObjectTemplate.cpp; sourceTree = "<group>"; };
		073E16FE20512F24007B1BAF /* LKParticleEffectObjectTemplate.h */ = {isa = PBXFileReference; lastKnownFileType = sourcecode.c.h; path = LKParticleEffectObjectTemplate.h; sourceTree = "<group>"; };
		073E170120513227007B1BAF /* LKParticleEffectProperty.cpp */ = {isa = PBXFileReference; lastKnownFileType = sourcecode.cpp.cpp; path = LKParticleEffectProperty.cpp; sourceTree = "<group>"; };
		073E170220513227007B1BAF /* LKParticleEffectProperty.h */ = {isa = PBXFileReference; lastKnownFileType = sourcecode.c.h; path = LKParticleEffectProperty.h; sourceTree = "<group>"; };
		073E170520513536007B1BAF /* LKParticleEffectStage.h */ = {isa = PBXFileReference; fileEncoding = 4; lastKnownFileType = sourcecode.c.h; path = LKParticleEffectStage.h; sourceTree = "<group>"; };
		073E170620513536007B1BAF /* LKParticleEffectStage.cpp */ = {isa = PBXFileReference; fileEncoding = 4; lastKnownFileType = sourcecode.cpp.cpp; path = LKParticleEffectStage.cpp; sourceTree = "<group>"; };
		0747F41A20562DA700525610 /* Printable.h */ = {isa = PBXFileReference; fileEncoding = 4; lastKnownFileType = sourcecode.c.h; path = Printable.h; sourceTree = "<group>"; };
		0747F4262056A40600525610 /* LKParticleEffectStageOperation.cpp */ = {isa = PBXFileReference; lastKnownFileType = sourcecode.cpp.cpp; path = LKParticleEffectStageOperation.cpp; sourceTree = "<group>"; };
		0747F4272056A40600525610 /* LKParticleEffectStageOperation.h */ = {isa = PBXFileReference; lastKnownFileType = sourcecode.c.h; path = LKParticleEffectStageOperation.h; sourceTree = "<group>"; };
		0747F6C32057814F00525610 /* GLKit.framework */ = {isa = PBXFileReference; lastKnownFileType = wrapper.framework; name = GLKit.framework; path = System/Library/Frameworks/GLKit.framework; sourceTree = SDKROOT; };
		07AABA1E2068DFD40010B436 /* LKParticleEffectSystemManager.h */ = {isa = PBXFileReference; lastKnownFileType = sourcecode.c.h; path = LKParticleEffectSystemManager.h; sourceTree = "<group>"; };
		07AABA1F2068DFD40010B436 /* LKParticleEffectSystemManager.mm */ = {isa = PBXFileReference; lastKnownFileType = sourcecode.cpp.objcpp; path = LKParticleEffectSystemManager.mm; sourceTree = "<group>"; };
		07AABA4320691D4C0010B436 /* LKParticleEffectStageEvent.cpp */ = {isa = PBXFileReference; fileEncoding = 4; lastKnownFileType = sourcecode.cpp.cpp; path = LKParticleEffectStageEvent.cpp; sourceTree = "<group>"; };
		07AABA4420691D4C0010B436 /* LKParticleEffectStageEvent.h */ = {isa = PBXFileReference; fileEncoding = 4; lastKnownFileType = sourcecode.c.h; path = LKParticleEffectStageEvent.h; sourceTree = "<group>"; };
		07E0F5B520415DDF00D97980 /* LKParticleEffectIOSBridge.h */ = {isa = PBXFileReference; lastKnownFileType = sourcecode.c.h; path = LKParticleEffectIOSBridge.h; sourceTree = "<group>"; };
		07E0F5B620415DDF00D97980 /* LKParticleEffectIOSBridge.mm */ = {isa = PBXFileReference; lastKnownFileType = sourcecode.cpp.objcpp; path = LKParticleEffectIOSBridge.mm; sourceTree = "<group>"; };
		07E0F5BD20416D7800D97980 /* LKParticleEffectTexture.cpp */ = {isa = PBXFileReference; lastKnownFileType = sourcecode.cpp.cpp; path = LKParticleEffectTexture.cpp; sourceTree = "<group>"; };
		07E0F5BE20416D7800D97980 /* LKParticleEffectTexture.h */ = {isa = PBXFileReference; lastKnownFileType = sourcecode.c.h; path = LKParticleEffectTexture.h; sourceTree = "<group>"; };
		07E0F5D62043AE4700D97980 /* UIKit.framework */ = {isa = PBXFileReference; lastKnownFileType = wrapper.framework; name = UIKit.framework; path = System/Library/Frameworks/UIKit.framework; sourceTree = SDKROOT; };
		07E0F5D82043AE4F00D97980 /* Foundation.framework */ = {isa = PBXFileReference; lastKnownFileType = wrapper.framework; name = Foundation.framework; path = System/Library/Frameworks/Foundation.framework; sourceTree = SDKROOT; };
		07E0F5DA2043AE5600D97980 /* CoreFoundation.framework */ = {isa = PBXFileReference; lastKnownFileType = wrapper.framework; name = CoreFoundation.framework; path = System/Library/Frameworks/CoreFoundation.framework; sourceTree = SDKROOT; };
		07E0F5DC2043AE8100D97980 /* CoreImage.framework */ = {isa = PBXFileReference; lastKnownFileType = wrapper.framework; name = CoreImage.framework; path = System/Library/Frameworks/CoreImage.framework; sourceTree = SDKROOT; };
		07E0F5DE2043AE8D00D97980 /* CoreData.framework */ = {isa = PBXFileReference; lastKnownFileType = wrapper.framework; name = CoreData.framework; path = System/Library/Frameworks/CoreData.framework; sourceTree = SDKROOT; };
		07E0F5E02043AEA800D97980 /* CoreGraphics.framework */ = {isa = PBXFileReference; lastKnownFileType = wrapper.framework; name = CoreGraphics.framework; path = System/Library/Frameworks/CoreGraphics.framework; sourceTree = SDKROOT; };
		07E0F5E22043F86800D97980 /* LKParticleEffectCamera.cpp */ = {isa = PBXFileReference; lastKnownFileType = sourcecode.cpp.cpp; path = LKParticleEffectCamera.cpp; sourceTree = "<group>"; };
		07E0F5E32043F86800D97980 /* LKParticleEffectCamera.h */ = {isa = PBXFileReference; lastKnownFileType = sourcecode.c.h; path = LKParticleEffectCamera.h; sourceTree = "<group>"; };
		7855E723203291E00035D240 /* LKParticleEffect.framework */ = {isa = PBXFileReference; explicitFileType = wrapper.framework; includeInIndex = 0; path = LKParticleEffect.framework; sourceTree = BUILT_PRODUCTS_DIR; };
		7855E726203291E00035D240 /* LKParticleEffect.h */ = {isa = PBXFileReference; lastKnownFileType = sourcecode.c.h; path = LKParticleEffect.h; sourceTree = "<group>"; };
		7855E727203291E00035D240 /* Info.plist */ = {isa = PBXFileReference; lastKnownFileType = text.plist.xml; path = Info.plist; sourceTree = "<group>"; };
		7855E734203292030035D240 /* LKParticleEffectSystem.h */ = {isa = PBXFileReference; lastKnownFileType = sourcecode.c.h; path = LKParticleEffectSystem.h; sourceTree = "<group>"; };
		7855E735203292030035D240 /* LKParticleEffectSystem.cpp */ = {isa = PBXFileReference; lastKnownFileType = sourcecode.cpp.cpp; path = LKParticleEffectSystem.cpp; sourceTree = "<group>"; };
		7855E73C203292C90035D240 /* LKParticleEffectObject.h */ = {isa = PBXFileReference; lastKnownFileType = sourcecode.c.h; path = LKParticleEffectObject.h; sourceTree = "<group>"; };
		7855E73D203292C90035D240 /* LKParticleEffectObject.cpp */ = {isa = PBXFileReference; lastKnownFileType = sourcecode.cpp.cpp; path = LKParticleEffectObject.cpp; sourceTree = "<group>"; };
		78809F0B2033100700982F23 /* LKParticleEffectUtil.h */ = {isa = PBXFileReference; lastKnownFileType = sourcecode.c.h; path = LKParticleEffectUtil.h; sourceTree = "<group>"; };
		78809F0C2033100700982F23 /* LKParticleEffectUtil.cpp */ = {isa = PBXFileReference; lastKnownFileType = sourcecode.cpp.cpp; path = LKParticleEffectUtil.cpp; sourceTree = "<group>"; };
		78809F372033DCC200982F23 /* mathexpr.h */ = {isa = PBXFileReference; fileEncoding = 4; lastKnownFileType = sourcecode.c.h; path = mathexpr.h; sourceTree = "<group>"; };
		78809F382033DCC200982F23 /* LKParticleEffectValue.h */ = {isa = PBXFileReference; fileEncoding = 4; lastKnownFileType = sourcecode.c.h; path = LKParticleEffectValue.h; sourceTree = "<group>"; };
		78809F392033DCC200982F23 /* LKParticleEffectValue.cpp */ = {isa = PBXFileReference; fileEncoding = 4; lastKnownFileType = sourcecode.cpp.cpp; path = LKParticleEffectValue.cpp; sourceTree = "<group>"; };
		78809F3A2033DCC200982F23 /* mathexpr.cpp */ = {isa = PBXFileReference; fileEncoding = 4; lastKnownFileType = sourcecode.cpp.cpp; path = mathexpr.cpp; sourceTree = "<group>"; };
		78FE1D0B203EFE5E00D9C7FD /* LKParticleEffectShader.cpp */ = {isa = PBXFileReference; lastKnownFileType = sourcecode.cpp.cpp; path = LKParticleEffectShader.cpp; sourceTree = "<group>"; };
		78FE1D0C203EFE5E00D9C7FD /* LKParticleEffectShader.h */ = {isa = PBXFileReference; lastKnownFileType = sourcecode.c.h; path = LKParticleEffectShader.h; sourceTree = "<group>"; };
		78FE1D0F203F08BF00D9C7FD /* LKParticleEffectLogger.cpp */ = {isa = PBXFileReference; lastKnownFileType = sourcecode.cpp.cpp; path = LKParticleEffectLogger.cpp; sourceTree = "<group>"; };
		78FE1D10203F08BF00D9C7FD /* LKParticleEffectLogger.h */ = {isa = PBXFileReference; lastKnownFileType = sourcecode.c.h; path = LKParticleEffectLogger.h; sourceTree = "<group>"; };
		78FE1D14203F112C00D9C7FD /* OpenGLES.framework */ = {isa = PBXFileReference; lastKnownFileType = wrapper.framework; name = OpenGLES.framework; path = System/Library/Frameworks/OpenGLES.framework; sourceTree = SDKROOT; };
/* End PBXFileReference section */

/* Begin PBXFrameworksBuildPhase section */
		7855E71F203291E00035D240 /* Frameworks */ = {
			isa = PBXFrameworksBuildPhase;
			buildActionMask = 2147483647;
			files = (
				0747F6C42057814F00525610 /* GLKit.framework in Frameworks */,
				07E0F5E12043AEA800D97980 /* CoreGraphics.framework in Frameworks */,
				07E0F5DD2043AE8100D97980 /* CoreImage.framework in Frameworks */,
				07E0F5DB2043AE5600D97980 /* CoreFoundation.framework in Frameworks */,
				07E0F5D92043AE4F00D97980 /* Foundation.framework in Frameworks */,
				07E0F5D72043AE4800D97980 /* UIKit.framework in Frameworks */,
				78FE1D15203F112C00D9C7FD /* OpenGLES.framework in Frameworks */,
			);
			runOnlyForDeploymentPostprocessing = 0;
		};
/* End PBXFrameworksBuildPhase section */

/* Begin PBXGroup section */
		07E0F5B420415DAB00D97980 /* iOS */ = {
			isa = PBXGroup;
			children = (
				07E0F5B520415DDF00D97980 /* LKParticleEffectIOSBridge.h */,
				07E0F5B620415DDF00D97980 /* LKParticleEffectIOSBridge.mm */,
				07AABA1E2068DFD40010B436 /* LKParticleEffectSystemManager.h */,
				07AABA1F2068DFD40010B436 /* LKParticleEffectSystemManager.mm */,
			);
			path = iOS;
			sourceTree = "<group>";
		};
		7855E719203291E00035D240 = {
			isa = PBXGroup;
			children = (
				7855E725203291E00035D240 /* LKParticleEffect */,
				7855E724203291E00035D240 /* Products */,
				78FE1D13203F112C00D9C7FD /* Frameworks */,
			);
			sourceTree = "<group>";
		};
		7855E724203291E00035D240 /* Products */ = {
			isa = PBXGroup;
			children = (
				7855E723203291E00035D240 /* LKParticleEffect.framework */,
			);
			name = Products;
			sourceTree = "<group>";
		};
		7855E725203291E00035D240 /* LKParticleEffect */ = {
			isa = PBXGroup;
			children = (
				7855E726203291E00035D240 /* LKParticleEffect.h */,
				7855E727203291E00035D240 /* Info.plist */,
				073E1664204801AA007B1BAF /* glcontext.h */,
				073E1666204801C9007B1BAF /* PlatformBridge.h */,
				073E166820480208007B1BAF /* PlatformBridge.cpp */,
				073E170220513227007B1BAF /* LKParticleEffectProperty.h */,
				073E170120513227007B1BAF /* LKParticleEffectProperty.cpp */,
				7855E734203292030035D240 /* LKParticleEffectSystem.h */,
				7855E735203292030035D240 /* LKParticleEffectSystem.cpp */,
				0747F4272056A40600525610 /* LKParticleEffectStageOperation.h */,
				0747F4262056A40600525610 /* LKParticleEffectStageOperation.cpp */,
				07AABA4320691D4C0010B436 /* LKParticleEffectStageEvent.cpp */,
				07AABA4420691D4C0010B436 /* LKParticleEffectStageEvent.h */,
				073E170520513536007B1BAF /* LKParticleEffectStage.h */,
				073E170620513536007B1BAF /* LKParticleEffectStage.cpp */,
				073E16FE20512F24007B1BAF /* LKParticleEffectObjectTemplate.h */,
				073E16FD20512F24007B1BAF /* LKParticleEffectObjectTemplate.cpp */,
				7855E73C203292C90035D240 /* LKParticleEffectObject.h */,
				7855E73D203292C90035D240 /* LKParticleEffectObject.cpp */,
				78809F382033DCC200982F23 /* LKParticleEffectValue.h */,
				78809F392033DCC200982F23 /* LKParticleEffectValue.cpp */,
				78809F3A2033DCC200982F23 /* mathexpr.cpp */,
				78809F372033DCC200982F23 /* mathexpr.h */,
				0747F41A20562DA700525610 /* Printable.h */,
				78FE1D0C203EFE5E00D9C7FD /* LKParticleEffectShader.h */,
				78FE1D0B203EFE5E00D9C7FD /* LKParticleEffectShader.cpp */,
				78FE1D10203F08BF00D9C7FD /* LKParticleEffectLogger.h */,
				78FE1D0F203F08BF00D9C7FD /* LKParticleEffectLogger.cpp */,
				07E0F5BE20416D7800D97980 /* LKParticleEffectTexture.h */,
				07E0F5BD20416D7800D97980 /* LKParticleEffectTexture.cpp */,
				07E0F5E32043F86800D97980 /* LKParticleEffectCamera.h */,
				07E0F5E22043F86800D97980 /* LKParticleEffectCamera.cpp */,
				78809F0B2033100700982F23 /* LKParticleEffectUtil.h */,
				78809F0C2033100700982F23 /* LKParticleEffectUtil.cpp */,
				07E0F5B420415DAB00D97980 /* iOS */,
			);
			path = LKParticleEffect;
			sourceTree = "<group>";
		};
		78FE1D13203F112C00D9C7FD /* Frameworks */ = {
			isa = PBXGroup;
			children = (
				0747F6C32057814F00525610 /* GLKit.framework */,
				07E0F5E02043AEA800D97980 /* CoreGraphics.framework */,
				07E0F5DE2043AE8D00D97980 /* CoreData.framework */,
				07E0F5DC2043AE8100D97980 /* CoreImage.framework */,
				07E0F5DA2043AE5600D97980 /* CoreFoundation.framework */,
				07E0F5D82043AE4F00D97980 /* Foundation.framework */,
				07E0F5D62043AE4700D97980 /* UIKit.framework */,
				78FE1D14203F112C00D9C7FD /* OpenGLES.framework */,
			);
			name = Frameworks;
			sourceTree = "<group>";
		};
/* End PBXGroup section */

/* Begin PBXHeadersBuildPhase section */
		7855E720203291E00035D240 /* Headers */ = {
			isa = PBXHeadersBuildPhase;
			buildActionMask = 2147483647;
			files = (
				7855E728203291E00035D240 /* LKParticleEffect.h in Headers */,
				78FE1D12203F08BF00D9C7FD /* LKParticleEffectLogger.h in Headers */,
				78809F3C2033DCC200982F23 /* LKParticleEffectValue.h in Headers */,
				07E0F5B720415DDF00D97980 /* LKParticleEffectIOSBridge.h in Headers */,
				78809F0D2033100700982F23 /* LKParticleEffectUtil.h in Headers */,
				07E0F5C020416D7900D97980 /* LKParticleEffectTexture.h in Headers */,
				07E0F5E52043F86800D97980 /* LKParticleEffectCamera.h in Headers */,
				7855E73E203292C90035D240 /* LKParticleEffectObject.h in Headers */,
				78809F3B2033DCC200982F23 /* mathexpr.h in Headers */,
				073E170020512F24007B1BAF /* LKParticleEffectObjectTemplate.h in Headers */,
				073E170720513536007B1BAF /* LKParticleEffectStage.h in Headers */,
				073E170420513227007B1BAF /* LKParticleEffectProperty.h in Headers */,
				0747F41B20562DA700525610 /* Printable.h in Headers */,
				7855E736203292030035D240 /* LKParticleEffectSystem.h in Headers */,
				07AABA4620691D4C0010B436 /* LKParticleEffectStageEvent.h in Headers */,
				0747F4292056A40600525610 /* LKParticleEffectStageOperation.h in Headers */,
				07AABA202068DFD40010B436 /* LKParticleEffectSystemManager.h in Headers */,
				073E166A20481606007B1BAF /* glcontext.h in Headers */,
			);
			runOnlyForDeploymentPostprocessing = 0;
		};
/* End PBXHeadersBuildPhase section */

/* Begin PBXNativeTarget section */
		7855E722203291E00035D240 /* LKParticleEffect */ = {
			isa = PBXNativeTarget;
			buildConfigurationList = 7855E72B203291E00035D240 /* Build configuration list for PBXNativeTarget "LKParticleEffect" */;
			buildPhases = (
				7855E71E203291E00035D240 /* Sources */,
				7855E71F203291E00035D240 /* Frameworks */,
				7855E720203291E00035D240 /* Headers */,
				7855E721203291E00035D240 /* Resources */,
			);
			buildRules = (
			);
			dependencies = (
			);
			name = LKParticleEffect;
			productName = LKParticleEffect;
			productReference = 7855E723203291E00035D240 /* LKParticleEffect.framework */;
			productType = "com.apple.product-type.framework";
		};
/* End PBXNativeTarget section */

/* Begin PBXProject section */
		7855E71A203291E00035D240 /* Project object */ = {
			isa = PBXProject;
			attributes = {
				LastUpgradeCheck = 0920;
				ORGANIZATIONNAME = "柯灵杰";
				TargetAttributes = {
					7855E722203291E00035D240 = {
						CreatedOnToolsVersion = 9.2;
						ProvisioningStyle = Automatic;
					};
				};
			};
			buildConfigurationList = 7855E71D203291E00035D240 /* Build configuration list for PBXProject "LKParticleEffect" */;
			compatibilityVersion = "Xcode 8.0";
			developmentRegion = en;
			hasScannedForEncodings = 0;
			knownRegions = (
				en,
			);
			mainGroup = 7855E719203291E00035D240;
			productRefGroup = 7855E724203291E00035D240 /* Products */;
			projectDirPath = "";
			projectRoot = "";
			targets = (
				7855E722203291E00035D240 /* LKParticleEffect */,
			);
		};
/* End PBXProject section */

/* Begin PBXResourcesBuildPhase section */
		7855E721203291E00035D240 /* Resources */ = {
			isa = PBXResourcesBuildPhase;
			buildActionMask = 2147483647;
			files = (
			);
			runOnlyForDeploymentPostprocessing = 0;
		};
/* End PBXResourcesBuildPhase section */

/* Begin PBXSourcesBuildPhase section */
		7855E71E203291E00035D240 /* Sources */ = {
			isa = PBXSourcesBuildPhase;
			buildActionMask = 2147483647;
			files = (
				073E166920480209007B1BAF /* PlatformBridge.cpp in Sources */,
				78809F3D2033DCC200982F23 /* LKParticleEffectValue.cpp in Sources */,
				073E170320513227007B1BAF /* LKParticleEffectProperty.cpp in Sources */,
				073E170820513536007B1BAF /* LKParticleEffectStage.cpp in Sources */,
				78FE1D0D203EFE5E00D9C7FD /* LKParticleEffectShader.cpp in Sources */,
				07E0F5BF20416D7800D97980 /* LKParticleEffectTexture.cpp in Sources */,
				07AABA4520691D4C0010B436 /* LKParticleEffectStageEvent.cpp in Sources */,
				07E0F5E42043F86800D97980 /* LKParticleEffectCamera.cpp in Sources */,
				073E16FF20512F24007B1BAF /* LKParticleEffectObjectTemplate.cpp in Sources */,
				07E0F5B820415DDF00D97980 /* LKParticleEffectIOSBridge.mm in Sources */,
				78FE1D11203F08BF00D9C7FD /* LKParticleEffectLogger.cpp in Sources */,
				7855E73F203292C90035D240 /* LKParticleEffectObject.cpp in Sources */,
				7855E737203292030035D240 /* LKParticleEffectSystem.cpp in Sources */,
				78809F3E2033DCC200982F23 /* mathexpr.cpp in Sources */,
				07AABA212068DFD40010B436 /* LKParticleEffectSystemManager.mm in Sources */,
				78809F0E2033100700982F23 /* LKParticleEffectUtil.cpp in Sources */,
				0747F4282056A40600525610 /* LKParticleEffectStageOperation.cpp in Sources */,
			);
			runOnlyForDeploymentPostprocessing = 0;
		};
/* End PBXSourcesBuildPhase section */

/* Begin XCBuildConfiguration section */
		7855E729203291E00035D240 /* Debug */ = {
			isa = XCBuildConfiguration;
			buildSettings = {
				ALWAYS_SEARCH_USER_PATHS = NO;
				CLANG_ANALYZER_NONNULL = YES;
				CLANG_ANALYZER_NUMBER_OBJECT_CONVERSION = YES_AGGRESSIVE;
				CLANG_CXX_LANGUAGE_STANDARD = "gnu++14";
				CLANG_CXX_LIBRARY = "libc++";
				CLANG_ENABLE_MODULES = YES;
				CLANG_ENABLE_OBJC_ARC = YES;
				CLANG_WARN_BLOCK_CAPTURE_AUTORELEASING = YES;
				CLANG_WARN_BOOL_CONVERSION = YES;
				CLANG_WARN_COMMA = YES;
				CLANG_WARN_CONSTANT_CONVERSION = YES;
				CLANG_WARN_DIRECT_OBJC_ISA_USAGE = YES_ERROR;
				CLANG_WARN_DOCUMENTATION_COMMENTS = YES;
				CLANG_WARN_EMPTY_BODY = YES;
				CLANG_WARN_ENUM_CONVERSION = YES;
				CLANG_WARN_INFINITE_RECURSION = YES;
				CLANG_WARN_INT_CONVERSION = YES;
				CLANG_WARN_NON_LITERAL_NULL_CONVERSION = YES;
				CLANG_WARN_OBJC_LITERAL_CONVERSION = YES;
				CLANG_WARN_OBJC_ROOT_CLASS = YES_ERROR;
				CLANG_WARN_RANGE_LOOP_ANALYSIS = YES;
				CLANG_WARN_STRICT_PROTOTYPES = YES;
				CLANG_WARN_SUSPICIOUS_MOVE = YES;
				CLANG_WARN_UNGUARDED_AVAILABILITY = YES_AGGRESSIVE;
				CLANG_WARN_UNREACHABLE_CODE = YES;
				CLANG_WARN__DUPLICATE_METHOD_MATCH = YES;
				CODE_SIGN_IDENTITY = "iPhone Developer";
				COPY_PHASE_STRIP = NO;
				CURRENT_PROJECT_VERSION = 1;
				DEBUG_INFORMATION_FORMAT = dwarf;
				ENABLE_STRICT_OBJC_MSGSEND = YES;
				ENABLE_TESTABILITY = YES;
				GCC_C_LANGUAGE_STANDARD = gnu11;
				GCC_DYNAMIC_NO_PIC = NO;
				GCC_NO_COMMON_BLOCKS = YES;
				GCC_OPTIMIZATION_LEVEL = 0;
				GCC_PREPROCESSOR_DEFINITIONS = (
					"DEBUG=1",
					"$(inherited)",
				);
				GCC_WARN_64_TO_32_BIT_CONVERSION = YES;
				GCC_WARN_ABOUT_RETURN_TYPE = YES_ERROR;
				GCC_WARN_UNDECLARED_SELECTOR = YES;
				GCC_WARN_UNINITIALIZED_AUTOS = YES_AGGRESSIVE;
				GCC_WARN_UNUSED_FUNCTION = YES;
				GCC_WARN_UNUSED_VARIABLE = YES;
				IPHONEOS_DEPLOYMENT_TARGET = 11.2;
				MTL_ENABLE_DEBUG_INFO = YES;
				ONLY_ACTIVE_ARCH = YES;
				SDKROOT = iphoneos;
				VERSIONING_SYSTEM = "apple-generic";
				VERSION_INFO_PREFIX = "";
			};
			name = Debug;
		};
		7855E72A203291E00035D240 /* Release */ = {
			isa = XCBuildConfiguration;
			buildSettings = {
				ALWAYS_SEARCH_USER_PATHS = NO;
				CLANG_ANALYZER_NONNULL = YES;
				CLANG_ANALYZER_NUMBER_OBJECT_CONVERSION = YES_AGGRESSIVE;
				CLANG_CXX_LANGUAGE_STANDARD = "gnu++14";
				CLANG_CXX_LIBRARY = "libc++";
				CLANG_ENABLE_MODULES = YES;
				CLANG_ENABLE_OBJC_ARC = YES;
				CLANG_WARN_BLOCK_CAPTURE_AUTORELEASING = YES;
				CLANG_WARN_BOOL_CONVERSION = YES;
				CLANG_WARN_COMMA = YES;
				CLANG_WARN_CONSTANT_CONVERSION = YES;
				CLANG_WARN_DIRECT_OBJC_ISA_USAGE = YES_ERROR;
				CLANG_WARN_DOCUMENTATION_COMMENTS = YES;
				CLANG_WARN_EMPTY_BODY = YES;
				CLANG_WARN_ENUM_CONVERSION = YES;
				CLANG_WARN_INFINITE_RECURSION = YES;
				CLANG_WARN_INT_CONVERSION = YES;
				CLANG_WARN_NON_LITERAL_NULL_CONVERSION = YES;
				CLANG_WARN_OBJC_LITERAL_CONVERSION = YES;
				CLANG_WARN_OBJC_ROOT_CLASS = YES_ERROR;
				CLANG_WARN_RANGE_LOOP_ANALYSIS = YES;
				CLANG_WARN_STRICT_PROTOTYPES = YES;
				CLANG_WARN_SUSPICIOUS_MOVE = YES;
				CLANG_WARN_UNGUARDED_AVAILABILITY = YES_AGGRESSIVE;
				CLANG_WARN_UNREACHABLE_CODE = YES;
				CLANG_WARN__DUPLICATE_METHOD_MATCH = YES;
				CODE_SIGN_IDENTITY = "iPhone Developer";
				COPY_PHASE_STRIP = NO;
				CURRENT_PROJECT_VERSION = 1;
				DEBUG_INFORMATION_FORMAT = "dwarf-with-dsym";
				ENABLE_NS_ASSERTIONS = NO;
				ENABLE_STRICT_OBJC_MSGSEND = YES;
				GCC_C_LANGUAGE_STANDARD = gnu11;
				GCC_NO_COMMON_BLOCKS = YES;
				GCC_WARN_64_TO_32_BIT_CONVERSION = YES;
				GCC_WARN_ABOUT_RETURN_TYPE = YES_ERROR;
				GCC_WARN_UNDECLARED_SELECTOR = YES;
				GCC_WARN_UNINITIALIZED_AUTOS = YES_AGGRESSIVE;
				GCC_WARN_UNUSED_FUNCTION = YES;
				GCC_WARN_UNUSED_VARIABLE = YES;
				IPHONEOS_DEPLOYMENT_TARGET = 11.2;
				MTL_ENABLE_DEBUG_INFO = NO;
				SDKROOT = iphoneos;
				VALIDATE_PRODUCT = YES;
				VERSIONING_SYSTEM = "apple-generic";
				VERSION_INFO_PREFIX = "";
			};
			name = Release;
		};
		7855E72C203291E00035D240 /* Debug */ = {
			isa = XCBuildConfiguration;
			buildSettings = {
				CODE_SIGN_IDENTITY = "";
				"CODE_SIGN_IDENTITY[sdk=iphoneos*]" = "iPhone Developer";
				CODE_SIGN_STYLE = Automatic;
				DEFINES_MODULE = YES;
				DEVELOPMENT_TEAM = "";
				DYLIB_COMPATIBILITY_VERSION = 1;
				DYLIB_CURRENT_VERSION = 1;
				DYLIB_INSTALL_NAME_BASE = "@rpath";
				GCC_PREPROCESSOR_DEFINITIONS = (
					"DEBUG=1",
					"IOS=1",
					"$(inherited)",
				);
				HEADER_SEARCH_PATHS = "\"$(SRCROOT)/LKParticleEffect/ThirdPart\"";
				INFOPLIST_FILE = LKParticleEffect/Info.plist;
				INSTALL_PATH = "$(LOCAL_LIBRARY_DIR)/Frameworks";
				IPHONEOS_DEPLOYMENT_TARGET = 9.0;
				LD_RUNPATH_SEARCH_PATHS = "$(inherited) @executable_path/Frameworks @loader_path/Frameworks";
				PRODUCT_BUNDLE_IDENTIFIER = com.KLJ.LKParticleEffect;
				PRODUCT_NAME = "$(TARGET_NAME:c99extidentifier)";
				PROVISIONING_PROFILE_SPECIFIER = "";
				SKIP_INSTALL = YES;
				TARGETED_DEVICE_FAMILY = "1,2";
			};
			name = Debug;
		};
		7855E72D203291E00035D240 /* Release */ = {
			isa = XCBuildConfiguration;
			buildSettings = {
				CODE_SIGN_IDENTITY = "";
				"CODE_SIGN_IDENTITY[sdk=iphoneos*]" = "iPhone Developer";
				CODE_SIGN_STYLE = Automatic;
				DEFINES_MODULE = YES;
				DEVELOPMENT_TEAM = "";
				DYLIB_COMPATIBILITY_VERSION = 1;
				DYLIB_CURRENT_VERSION = 1;
				DYLIB_INSTALL_NAME_BASE = "@rpath";
				GCC_PREPROCESSOR_DEFINITIONS = "IOS=1";
				HEADER_SEARCH_PATHS = "\"$(SRCROOT)/LKParticleEffect/ThirdPart\"";
				INFOPLIST_FILE = LKParticleEffect/Info.plist;
				INSTALL_PATH = "$(LOCAL_LIBRARY_DIR)/Frameworks";
				IPHONEOS_DEPLOYMENT_TARGET = 9.0;
				LD_RUNPATH_SEARCH_PATHS = "$(inherited) @executable_path/Frameworks @loader_path/Frameworks";
				PRODUCT_BUNDLE_IDENTIFIER = com.KLJ.LKParticleEffect;
				PRODUCT_NAME = "$(TARGET_NAME:c99extidentifier)";
				PROVISIONING_PROFILE_SPECIFIER = "";
				SKIP_INSTALL = YES;
				TARGETED_DEVICE_FAMILY = "1,2";
			};
			name = Release;
		};
/* End XCBuildConfiguration section */

/* Begin XCConfigurationList section */
		7855E71D203291E00035D240 /* Build configuration list for PBXProject "LKParticleEffect" */ = {
			isa = XCConfigurationList;
			buildConfigurations = (
				7855E729203291E00035D240 /* Debug */,
				7855E72A203291E00035D240 /* Release */,
			);
			defaultConfigurationIsVisible = 0;
			defaultConfigurationName = Release;
		};
		7855E72B203291E00035D240 /* Build configuration list for PBXNativeTarget "LKParticleEffect" */ = {
			isa = XCConfigurationList;
			buildConfigurations = (
				7855E72C203291E00035D240 /* Debug */,
				7855E72D203291E00035D240 /* Release */,
			);
			defaultConfigurationIsVisible = 0;
			defaultConfigurationName = Release;
		};
/* End XCConfigurationList section */
	};
	rootObject = 7855E71A203291E00035D240 /* Project object */;
}
